
Microsoft Visual Studio Solution File, Format Version 12.00
# Visual Studio 2012
Project("{FAE04EC0-301F-11D3-BF4B-00C04F79EFBC}") = "shopinn4", "shopinn4.csproj", "{822E46A2-4CB1-446A-A61D-E9394AF7ED7A}"
EndProject
Global
	GlobalSection(SolutionConfigurationPlatforms) = preSolution
		Debug|Any CPU = Debug|Any CPU
		Release|Any CPU = Release|Any CPU
	EndGlobalSection
	GlobalSection(ProjectConfigurationPlatforms) = postSolution
		{822E46A2-4CB1-446A-A61D-E9394AF7ED7A}.Debug|Any CPU.ActiveCfg = Debug|Any CPU
		{822E46A2-4CB1-446A-A61D-E9394AF7ED7A}.Debug|Any CPU.Build.0 = Debug|Any CPU
		{822E46A2-4CB1-446A-A61D-E9394AF7ED7A}.Release|Any CPU.ActiveCfg = Release|Any CPU
		{822E46A2-4CB1-446A-A61D-E9394AF7ED7A}.Release|Any CPU.Build.0 = Release|Any CPU
	EndGlobalSection
	GlobalSection(SolutionProperties) = preSolution
		HideSolutionNode = FALSE
	EndGlobalSection
EndGlobal
